hash: c86cdb4f30cd2e4732008469676853ffcc947c9b873aa651dd3a23fc9e9dd79b
updated: 2017-10-26T22:14:46.760470728+02:00
imports:
- name: github.com/dim13/unifi
  version: e778d248758aa158873db5e6543952ac0677cdcc
- name: github.com/golang/glog
  version: 23def4e6c14b4da8ac2ed8007337bc5eb5007998
- name: github.com/gorilla/context
  version: 08b5f424b9271eedf6f9f0ce86cb9396ed337a42
- name: github.com/gorilla/securecookie
  version: e59506cc896acb7f7bf732d4fdf5e25f7ccd8983
- name: github.com/gorilla/sessions
  version: ca9ada44574153444b00d3fd9c8559e4cc95f896
- name: github.com/zenazn/goji
  version: 64eb34159fe53473206c2b3e70fe396a639452f2
  subpackages:
  - bind
  - graceful
  - graceful/listener
  - web
  - web/middleware
  - web/mutil
testImports: []
